
Microsoft Visual Studio Solution File, Format Version 12.00
# Visual Studio Version 17
VisualStudioVersion = 17.0.31903.59
MinimumVisualStudioVersion = 10.0.40219.1
Project("{2150E333-8FDC-42A3-9474-1A3956D46DE8}") = "src", "src", "{827E0CD3-B72D-47B6-A68D-7590B98EB39B}"
EndProject
Project("{FAE04EC0-301F-11D3-BF4B-00C04F79EFBC}") = "CyTypes.Core", "src\CyTypes.Core\CyTypes.Core.csproj", "{BF047B74-9D8C-4362-BB5C-E70F0CA99A5A}"
EndProject
Project("{FAE04EC0-301F-11D3-BF4B-00C04F79EFBC}") = "CyTypes.Primitives", "src\CyTypes.Primitives\CyTypes.Primitives.csproj", "{A7F323FD-DF3C-41C2-A8EC-E5F068AFB134}"
EndProject
Project("{FAE04EC0-301F-11D3-BF4B-00C04F79EFBC}") = "CyTypes.Core.Tests", "tests\CyTypes.Core.Tests\CyTypes.Core.Tests.csproj", "{87D74CCB-4C05-4792-9B69-26FE3DEBF525}"
EndProject
Project("{FAE04EC0-301F-11D3-BF4B-00C04F79EFBC}") = "CyTypes.Primitives.Tests", "tests\CyTypes.Primitives.Tests\CyTypes.Primitives.Tests.csproj", "{BDE8988B-BBBD-42FC-AA52-B939FC231F34}"
EndProject
Project("{FAE04EC0-301F-11D3-BF4B-00C04F79EFBC}") = "CyTypes.Benchmarks", "tests\CyTypes.Benchmarks\CyTypes.Benchmarks.csproj", "{3F2478E3-F70C-4E53-ACB8-D1B013187146}"
EndProject
Project("{FAE04EC0-301F-11D3-BF4B-00C04F79EFBC}") = "CyTypes.EntityFramework", "src\CyTypes.EntityFramework\CyTypes.EntityFramework.csproj", "{D4E5F6A7-B8C9-4D0E-A1B2-C3D4E5F6A7B8}"
EndProject
Project("{FAE04EC0-301F-11D3-BF4B-00C04F79EFBC}") = "CyTypes.Collections", "src\CyTypes.Collections\CyTypes.Collections.csproj", "{FF8D9AE4-FE73-457E-A0E5-0FDE67127EFE}"
EndProject
Project("{FAE04EC0-301F-11D3-BF4B-00C04F79EFBC}") = "CyTypes.Logging", "src\CyTypes.Logging\CyTypes.Logging.csproj", "{9984D5E2-0D23-403C-9DC5-A32120520805}"
EndProject
Project("{FAE04EC0-301F-11D3-BF4B-00C04F79EFBC}") = "CyTypes.Analyzer", "src\CyTypes.Analyzer\CyTypes.Analyzer.csproj", "{3B1493E0-4CB5-4FFB-932E-6C0AE242B605}"
EndProject
Project("{FAE04EC0-301F-11D3-BF4B-00C04F79EFBC}") = "CyTypes.Collections.Tests", "tests\CyTypes.Collections.Tests\CyTypes.Collections.Tests.csproj", "{AD0A3335-CFBD-4B13-9901-E2E53810447E}"
EndProject
Project("{FAE04EC0-301F-11D3-BF4B-00C04F79EFBC}") = "CyTypes.Analyzer.Tests", "tests\CyTypes.Analyzer.Tests\CyTypes.Analyzer.Tests.csproj", "{4132040A-5FE7-4F76-B051-268D7088D09D}"
EndProject
Project("{FAE04EC0-301F-11D3-BF4B-00C04F79EFBC}") = "CyTypes.DependencyInjection", "src\CyTypes.DependencyInjection\CyTypes.DependencyInjection.csproj", "{E3E0341B-1D5F-4474-BB63-701AE25A36BE}"
EndProject
Project("{FAE04EC0-301F-11D3-BF4B-00C04F79EFBC}") = "CyTypes.Fhe", "src\CyTypes.Fhe\CyTypes.Fhe.csproj", "{A17505D8-AA63-4C33-A671-C1D549580E43}"
EndProject
Project("{2150E333-8FDC-42A3-9474-1A3956D46DE8}") = "tests", "tests", "{0AB3BF05-4346-4AA6-1389-037BE0695223}"
EndProject
Project("{2150E333-8FDC-42A3-9474-1A3956D46DE8}") = "examples", "examples", "{C4D5E6F7-A8B9-4C0D-E1F2-A3B4C5D6E7F8}"
EndProject
Project("{FAE04EC0-301F-11D3-BF4B-00C04F79EFBC}") = "CyTypes.Examples", "examples\CyTypes.Examples\CyTypes.Examples.csproj", "{F1A2B3C4-D5E6-4F78-9A0B-C1D2E3F4A5B6}"
EndProject
Project("{FAE04EC0-301F-11D3-BF4B-00C04F79EFBC}") = "CyTypes.Fhe.Tests", "tests\CyTypes.Fhe.Tests\CyTypes.Fhe.Tests.csproj", "{67C16A68-D732-4839-9619-4F9515ED4F60}"
EndProject
Project("{FAE04EC0-301F-11D3-BF4B-00C04F79EFBC}") = "CyTypes.Logging.Tests", "tests\CyTypes.Logging.Tests\CyTypes.Logging.Tests.csproj", "{0C5E8272-E6AB-49BE-BA3A-0BD2400E1D8E}"
EndProject
Project("{FAE04EC0-301F-11D3-BF4B-00C04F79EFBC}") = "CyTypes.EntityFramework.Tests", "tests\CyTypes.EntityFramework.Tests\CyTypes.EntityFramework.Tests.csproj", "{7576FE16-A7A2-455A-B060-5C9488A4BE54}"
EndProject
Project("{FAE04EC0-301F-11D3-BF4B-00C04F79EFBC}") = "CyTypes.DependencyInjection.Tests", "tests\CyTypes.DependencyInjection.Tests\CyTypes.DependencyInjection.Tests.csproj", "{3CABE553-A630-4538-B40F-F34D1880C4DD}"
EndProject
Project("{FAE04EC0-301F-11D3-BF4B-00C04F79EFBC}") = "CyTypes.Security.Tests", "tests\CyTypes.Security.Tests\CyTypes.Security.Tests.csproj", "{B1A2C3D4-E5F6-4A7B-8C9D-0E1F2A3B4C5D}"
EndProject
Project("{FAE04EC0-301F-11D3-BF4B-00C04F79EFBC}") = "CyTypes.Benchmarks.Application", "tests\CyTypes.Benchmarks.Application\CyTypes.Benchmarks.Application.csproj", "{C2B3D4E5-F6A7-4B8C-9D0E-1F2A3B4C5D6E}"
EndProject
Project("{FAE04EC0-301F-11D3-BF4B-00C04F79EFBC}") = "CyTypes.Tools.HeapAnalysis", "tests\CyTypes.Tools.HeapAnalysis\CyTypes.Tools.HeapAnalysis.csproj", "{D3C4E5F6-A7B8-4C9D-0E1F-2A3B4C5D6E7F}"
EndProject
Project("{FAE04EC0-301F-11D3-BF4B-00C04F79EFBC}") = "CyTypes.Streams", "src\CyTypes.Streams\CyTypes.Streams.csproj", "{0BB35458-D1A8-4B03-9056-6A6127F1E62E}"
EndProject
Project("{FAE04EC0-301F-11D3-BF4B-00C04F79EFBC}") = "CyTypes.Streams.Tests", "tests\CyTypes.Streams.Tests\CyTypes.Streams.Tests.csproj", "{56E03558-5828-4AEC-BA8D-A0846A869B67}"
EndProject
Project("{FAE04EC0-301F-11D3-BF4B-00C04F79EFBC}") = "CyTypes.Sample.WebApi", "examples\CyTypes.Sample.WebApi\CyTypes.Sample.WebApi.csproj", "{CFCCF933-9A62-4B87-9167-D41FD739BEDA}"
EndProject
Project("{FAE04EC0-301F-11D3-BF4B-00C04F79EFBC}") = "CyTypes.Sample.Console", "examples\CyTypes.Sample.Console\CyTypes.Sample.Console.csproj", "{C79448FB-1A61-4B04-8AEF-18F339716720}"
EndProject
Global
	GlobalSection(SolutionConfigurationPlatforms) = preSolution
		Debug|Any CPU = Debug|Any CPU
		Debug|x64 = Debug|x64
		Debug|x86 = Debug|x86
		Release|Any CPU = Release|Any CPU
		Release|x64 = Release|x64
		Release|x86 = Release|x86
	EndGlobalSection
	GlobalSection(ProjectConfigurationPlatforms) = postSolution
		{BF047B74-9D8C-4362-BB5C-E70F0CA99A5A}.Debug|Any CPU.ActiveCfg = Debug|Any CPU
		{BF047B74-9D8C-4362-BB5C-E70F0CA99A5A}.Debug|Any CPU.Build.0 = Debug|Any CPU
		{BF047B74-9D8C-4362-BB5C-E70F0CA99A5A}.Debug|x64.ActiveCfg = Debug|Any CPU
		{BF047B74-9D8C-4362-BB5C-E70F0CA99A5A}.Debug|x64.Build.0 = Debug|Any CPU
		{BF047B74-9D8C-4362-BB5C-E70F0CA99A5A}.Debug|x86.ActiveCfg = Debug|Any CPU
		{BF047B74-9D8C-4362-BB5C-E70F0CA99A5A}.Debug|x86.Build.0 = Debug|Any CPU
		{BF047B74-9D8C-4362-BB5C-E70F0CA99A5A}.Release|Any CPU.ActiveCfg = Release|Any CPU
		{BF047B74-9D8C-4362-BB5C-E70F0CA99A5A}.Release|Any CPU.Build.0 = Release|Any CPU
		{BF047B74-9D8C-4362-BB5C-E70F0CA99A5A}.Release|x64.ActiveCfg = Release|Any CPU
		{BF047B74-9D8C-4362-BB5C-E70F0CA99A5A}.Release|x64.Build.0 = Release|Any CPU
		{BF047B74-9D8C-4362-BB5C-E70F0CA99A5A}.Release|x86.ActiveCfg = Release|Any CPU
		{BF047B74-9D8C-4362-BB5C-E70F0CA99A5A}.Release|x86.Build.0 = Release|Any CPU
		{A7F323FD-DF3C-41C2-A8EC-E5F068AFB134}.Debug|Any CPU.ActiveCfg = Debug|Any CPU
		{A7F323FD-DF3C-41C2-A8EC-E5F068AFB134}.Debug|Any CPU.Build.0 = Debug|Any CPU
		{A7F323FD-DF3C-41C2-A8EC-E5F068AFB134}.Debug|x64.ActiveCfg = Debug|Any CPU
		{A7F323FD-DF3C-41C2-A8EC-E5F068AFB134}.Debug|x64.Build.0 = Debug|Any CPU
		{A7F323FD-DF3C-41C2-A8EC-E5F068AFB134}.Debug|x86.ActiveCfg = Debug|Any CPU
		{A7F323FD-DF3C-41C2-A8EC-E5F068AFB134}.Debug|x86.Build.0 = Debug|Any CPU
		{A7F323FD-DF3C-41C2-A8EC-E5F068AFB134}.Release|Any CPU.ActiveCfg = Release|Any CPU
		{A7F323FD-DF3C-41C2-A8EC-E5F068AFB134}.Release|Any CPU.Build.0 = Release|Any CPU
		{A7F323FD-DF3C-41C2-A8EC-E5F068AFB134}.Release|x64.ActiveCfg = Release|Any CPU
		{A7F323FD-DF3C-41C2-A8EC-E5F068AFB134}.Release|x64.Build.0 = Release|Any CPU
		{A7F323FD-DF3C-41C2-A8EC-E5F068AFB134}.Release|x86.ActiveCfg = Release|Any CPU
		{A7F323FD-DF3C-41C2-A8EC-E5F068AFB134}.Release|x86.Build.0 = Release|Any CPU
		{87D74CCB-4C05-4792-9B69-26FE3DEBF525}.Debug|Any CPU.ActiveCfg = Debug|Any CPU
		{87D74CCB-4C05-4792-9B69-26FE3DEBF525}.Debug|Any CPU.Build.0 = Debug|Any CPU
		{87D74CCB-4C05-4792-9B69-26FE3DEBF525}.Debug|x64.ActiveCfg = Debug|Any CPU
		{87D74CCB-4C05-4792-9B69-26FE3DEBF525}.Debug|x64.Build.0 = Debug|Any CPU
		{87D74CCB-4C05-4792-9B69-26FE3DEBF525}.Debug|x86.ActiveCfg = Debug|Any CPU
		{87D74CCB-4C05-4792-9B69-26FE3DEBF525}.Debug|x86.Build.0 = Debug|Any CPU
		{87D74CCB-4C05-4792-9B69-26FE3DEBF525}.Release|Any CPU.ActiveCfg = Release|Any CPU
		{87D74CCB-4C05-4792-9B69-26FE3DEBF525}.Release|Any CPU.Build.0 = Release|Any CPU
		{87D74CCB-4C05-4792-9B69-26FE3DEBF525}.Release|x64.ActiveCfg = Release|Any CPU
		{87D74CCB-4C05-4792-9B69-26FE3DEBF525}.Release|x64.Build.0 = Release|Any CPU
		{87D74CCB-4C05-4792-9B69-26FE3DEBF525}.Release|x86.ActiveCfg = Release|Any CPU
		{87D74CCB-4C05-4792-9B69-26FE3DEBF525}.Release|x86.Build.0 = Release|Any CPU
		{BDE8988B-BBBD-42FC-AA52-B939FC231F34}.Debug|Any CPU.ActiveCfg = Debug|Any CPU
		{BDE8988B-BBBD-42FC-AA52-B939FC231F34}.Debug|Any CPU.Build.0 = Debug|Any CPU
		{BDE8988B-BBBD-42FC-AA52-B939FC231F34}.Debug|x64.ActiveCfg = Debug|Any CPU
		{BDE8988B-BBBD-42FC-AA52-B939FC231F34}.Debug|x64.Build.0 = Debug|Any CPU
		{BDE8988B-BBBD-42FC-AA52-B939FC231F34}.Debug|x86.ActiveCfg = Debug|Any CPU
		{BDE8988B-BBBD-42FC-AA52-B939FC231F34}.Debug|x86.Build.0 = Debug|Any CPU
		{BDE8988B-BBBD-42FC-AA52-B939FC231F34}.Release|Any CPU.ActiveCfg = Release|Any CPU
		{BDE8988B-BBBD-42FC-AA52-B939FC231F34}.Release|Any CPU.Build.0 = Release|Any CPU
		{BDE8988B-BBBD-42FC-AA52-B939FC231F34}.Release|x64.ActiveCfg = Release|Any CPU
		{BDE8988B-BBBD-42FC-AA52-B939FC231F34}.Release|x64.Build.0 = Release|Any CPU
		{BDE8988B-BBBD-42FC-AA52-B939FC231F34}.Release|x86.ActiveCfg = Release|Any CPU
		{BDE8988B-BBBD-42FC-AA52-B939FC231F34}.Release|x86.Build.0 = Release|Any CPU
		{3F2478E3-F70C-4E53-ACB8-D1B013187146}.Debug|Any CPU.ActiveCfg = Debug|Any CPU
		{3F2478E3-F70C-4E53-ACB8-D1B013187146}.Debug|Any CPU.Build.0 = Debug|Any CPU
		{3F2478E3-F70C-4E53-ACB8-D1B013187146}.Debug|x64.ActiveCfg = Debug|Any CPU
		{3F2478E3-F70C-4E53-ACB8-D1B013187146}.Debug|x64.Build.0 = Debug|Any CPU
		{3F2478E3-F70C-4E53-ACB8-D1B013187146}.Debug|x86.ActiveCfg = Debug|Any CPU
		{3F2478E3-F70C-4E53-ACB8-D1B013187146}.Debug|x86.Build.0 = Debug|Any CPU
		{3F2478E3-F70C-4E53-ACB8-D1B013187146}.Release|Any CPU.ActiveCfg = Release|Any CPU
		{3F2478E3-F70C-4E53-ACB8-D1B013187146}.Release|Any CPU.Build.0 = Release|Any CPU
		{3F2478E3-F70C-4E53-ACB8-D1B013187146}.Release|x64.ActiveCfg = Release|Any CPU
		{3F2478E3-F70C-4E53-ACB8-D1B013187146}.Release|x64.Build.0 = Release|Any CPU
		{3F2478E3-F70C-4E53-ACB8-D1B013187146}.Release|x86.ActiveCfg = Release|Any CPU
		{3F2478E3-F70C-4E53-ACB8-D1B013187146}.Release|x86.Build.0 = Release|Any CPU
		{D4E5F6A7-B8C9-4D0E-A1B2-C3D4E5F6A7B8}.Debug|Any CPU.ActiveCfg = Debug|Any CPU
		{D4E5F6A7-B8C9-4D0E-A1B2-C3D4E5F6A7B8}.Debug|Any CPU.Build.0 = Debug|Any CPU
		{D4E5F6A7-B8C9-4D0E-A1B2-C3D4E5F6A7B8}.Debug|x64.ActiveCfg = Debug|Any CPU
		{D4E5F6A7-B8C9-4D0E-A1B2-C3D4E5F6A7B8}.Debug|x64.Build.0 = Debug|Any CPU
		{D4E5F6A7-B8C9-4D0E-A1B2-C3D4E5F6A7B8}.Debug|x86.ActiveCfg = Debug|Any CPU
		{D4E5F6A7-B8C9-4D0E-A1B2-C3D4E5F6A7B8}.Debug|x86.Build.0 = Debug|Any CPU
		{D4E5F6A7-B8C9-4D0E-A1B2-C3D4E5F6A7B8}.Release|Any CPU.ActiveCfg = Release|Any CPU
		{D4E5F6A7-B8C9-4D0E-A1B2-C3D4E5F6A7B8}.Release|Any CPU.Build.0 = Release|Any CPU
		{D4E5F6A7-B8C9-4D0E-A1B2-C3D4E5F6A7B8}.Release|x64.ActiveCfg = Release|Any CPU
		{D4E5F6A7-B8C9-4D0E-A1B2-C3D4E5F6A7B8}.Release|x64.Build.0 = Release|Any CPU
		{D4E5F6A7-B8C9-4D0E-A1B2-C3D4E5F6A7B8}.Release|x86.ActiveCfg = Release|Any CPU
		{D4E5F6A7-B8C9-4D0E-A1B2-C3D4E5F6A7B8}.Release|x86.Build.0 = Release|Any CPU
		{FF8D9AE4-FE73-457E-A0E5-0FDE67127EFE}.Debug|Any CPU.ActiveCfg = Debug|Any CPU
		{FF8D9AE4-FE73-457E-A0E5-0FDE67127EFE}.Debug|Any CPU.Build.0 = Debug|Any CPU
		{FF8D9AE4-FE73-457E-A0E5-0FDE67127EFE}.Debug|x64.ActiveCfg = Debug|Any CPU
		{FF8D9AE4-FE73-457E-A0E5-0FDE67127EFE}.Debug|x64.Build.0 = Debug|Any CPU
		{FF8D9AE4-FE73-457E-A0E5-0FDE67127EFE}.Debug|x86.ActiveCfg = Debug|Any CPU
		{FF8D9AE4-FE73-457E-A0E5-0FDE67127EFE}.Debug|x86.Build.0 = Debug|Any CPU
		{FF8D9AE4-FE73-457E-A0E5-0FDE67127EFE}.Release|Any CPU.ActiveCfg = Release|Any CPU
		{FF8D9AE4-FE73-457E-A0E5-0FDE67127EFE}.Release|Any CPU.Build.0 = Release|Any CPU
		{FF8D9AE4-FE73-457E-A0E5-0FDE67127EFE}.Release|x64.ActiveCfg = Release|Any CPU
		{FF8D9AE4-FE73-457E-A0E5-0FDE67127EFE}.Release|x64.Build.0 = Release|Any CPU
		{FF8D9AE4-FE73-457E-A0E5-0FDE67127EFE}.Release|x86.ActiveCfg = Release|Any CPU
		{FF8D9AE4-FE73-457E-A0E5-0FDE67127EFE}.Release|x86.Build.0 = Release|Any CPU
		{9984D5E2-0D23-403C-9DC5-A32120520805}.Debug|Any CPU.ActiveCfg = Debug|Any CPU
		{9984D5E2-0D23-403C-9DC5-A32120520805}.Debug|Any CPU.Build.0 = Debug|Any CPU
		{9984D5E2-0D23-403C-9DC5-A32120520805}.Debug|x64.ActiveCfg = Debug|Any CPU
		{9984D5E2-0D23-403C-9DC5-A32120520805}.Debug|x64.Build.0 = Debug|Any CPU
		{9984D5E2-0D23-403C-9DC5-A32120520805}.Debug|x86.ActiveCfg = Debug|Any CPU
		{9984D5E2-0D23-403C-9DC5-A32120520805}.Debug|x86.Build.0 = Debug|Any CPU
		{9984D5E2-0D23-403C-9DC5-A32120520805}.Release|Any CPU.ActiveCfg = Release|Any CPU
		{9984D5E2-0D23-403C-9DC5-A32120520805}.Release|Any CPU.Build.0 = Release|Any CPU
		{9984D5E2-0D23-403C-9DC5-A32120520805}.Release|x64.ActiveCfg = Release|Any CPU
		{9984D5E2-0D23-403C-9DC5-A32120520805}.Release|x64.Build.0 = Release|Any CPU
		{9984D5E2-0D23-403C-9DC5-A32120520805}.Release|x86.ActiveCfg = Release|Any CPU
		{9984D5E2-0D23-403C-9DC5-A32120520805}.Release|x86.Build.0 = Release|Any CPU
		{3B1493E0-4CB5-4FFB-932E-6C0AE242B605}.Debug|Any CPU.ActiveCfg = Debug|Any CPU
		{3B1493E0-4CB5-4FFB-932E-6C0AE242B605}.Debug|Any CPU.Build.0 = Debug|Any CPU
		{3B1493E0-4CB5-4FFB-932E-6C0AE242B605}.Debug|x64.ActiveCfg = Debug|Any CPU
		{3B1493E0-4CB5-4FFB-932E-6C0AE242B605}.Debug|x64.Build.0 = Debug|Any CPU
		{3B1493E0-4CB5-4FFB-932E-6C0AE242B605}.Debug|x86.ActiveCfg = Debug|Any CPU
		{3B1493E0-4CB5-4FFB-932E-6C0AE242B605}.Debug|x86.Build.0 = Debug|Any CPU
		{3B1493E0-4CB5-4FFB-932E-6C0AE242B605}.Release|Any CPU.ActiveCfg = Release|Any CPU
		{3B1493E0-4CB5-4FFB-932E-6C0AE242B605}.Release|Any CPU.Build.0 = Release|Any CPU
		{3B1493E0-4CB5-4FFB-932E-6C0AE242B605}.Release|x64.ActiveCfg = Release|Any CPU
		{3B1493E0-4CB5-4FFB-932E-6C0AE242B605}.Release|x64.Build.0 = Release|Any CPU
		{3B1493E0-4CB5-4FFB-932E-6C0AE242B605}.Release|x86.ActiveCfg = Release|Any CPU
		{3B1493E0-4CB5-4FFB-932E-6C0AE242B605}.Release|x86.Build.0 = Release|Any CPU
		{AD0A3335-CFBD-4B13-9901-E2E53810447E}.Debug|Any CPU.ActiveCfg = Debug|Any CPU
		{AD0A3335-CFBD-4B13-9901-E2E53810447E}.Debug|Any CPU.Build.0 = Debug|Any CPU
		{AD0A3335-CFBD-4B13-9901-E2E53810447E}.Debug|x64.ActiveCfg = Debug|Any CPU
		{AD0A3335-CFBD-4B13-9901-E2E53810447E}.Debug|x64.Build.0 = Debug|Any CPU
		{AD0A3335-CFBD-4B13-9901-E2E53810447E}.Debug|x86.ActiveCfg = Debug|Any CPU
		{AD0A3335-CFBD-4B13-9901-E2E53810447E}.Debug|x86.Build.0 = Debug|Any CPU
		{AD0A3335-CFBD-4B13-9901-E2E53810447E}.Release|Any CPU.ActiveCfg = Release|Any CPU
		{AD0A3335-CFBD-4B13-9901-E2E53810447E}.Release|Any CPU.Build.0 = Release|Any CPU
		{AD0A3335-CFBD-4B13-9901-E2E53810447E}.Release|x64.ActiveCfg = Release|Any CPU
		{AD0A3335-CFBD-4B13-9901-E2E53810447E}.Release|x64.Build.0 = Release|Any CPU
		{AD0A3335-CFBD-4B13-9901-E2E53810447E}.Release|x86.ActiveCfg = Release|Any CPU
		{AD0A3335-CFBD-4B13-9901-E2E53810447E}.Release|x86.Build.0 = Release|Any CPU
		{4132040A-5FE7-4F76-B051-268D7088D09D}.Debug|Any CPU.ActiveCfg = Debug|Any CPU
		{4132040A-5FE7-4F76-B051-268D7088D09D}.Debug|Any CPU.Build.0 = Debug|Any CPU
		{4132040A-5FE7-4F76-B051-268D7088D09D}.Debug|x64.ActiveCfg = Debug|Any CPU
		{4132040A-5FE7-4F76-B051-268D7088D09D}.Debug|x64.Build.0 = Debug|Any CPU
		{4132040A-5FE7-4F76-B051-268D7088D09D}.Debug|x86.ActiveCfg = Debug|Any CPU
		{4132040A-5FE7-4F76-B051-268D7088D09D}.Debug|x86.Build.0 = Debug|Any CPU
		{4132040A-5FE7-4F76-B051-268D7088D09D}.Release|Any CPU.ActiveCfg = Release|Any CPU
		{4132040A-5FE7-4F76-B051-268D7088D09D}.Release|Any CPU.Build.0 = Release|Any CPU
		{4132040A-5FE7-4F76-B051-268D7088D09D}.Release|x64.ActiveCfg = Release|Any CPU
		{4132040A-5FE7-4F76-B051-268D7088D09D}.Release|x64.Build.0 = Release|Any CPU
		{4132040A-5FE7-4F76-B051-268D7088D09D}.Release|x86.ActiveCfg = Release|Any CPU
		{4132040A-5FE7-4F76-B051-268D7088D09D}.Release|x86.Build.0 = Release|Any CPU
		{E3E0341B-1D5F-4474-BB63-701AE25A36BE}.Debug|Any CPU.ActiveCfg = Debug|Any CPU
		{E3E0341B-1D5F-4474-BB63-701AE25A36BE}.Debug|Any CPU.Build.0 = Debug|Any CPU
		{E3E0341B-1D5F-4474-BB63-701AE25A36BE}.Debug|x64.ActiveCfg = Debug|Any CPU
		{E3E0341B-1D5F-4474-BB63-701AE25A36BE}.Debug|x64.Build.0 = Debug|Any CPU
		{E3E0341B-1D5F-4474-BB63-701AE25A36BE}.Debug|x86.ActiveCfg = Debug|Any CPU
		{E3E0341B-1D5F-4474-BB63-701AE25A36BE}.Debug|x86.Build.0 = Debug|Any CPU
		{E3E0341B-1D5F-4474-BB63-701AE25A36BE}.Release|Any CPU.ActiveCfg = Release|Any CPU
		{E3E0341B-1D5F-4474-BB63-701AE25A36BE}.Release|Any CPU.Build.0 = Release|Any CPU
		{E3E0341B-1D5F-4474-BB63-701AE25A36BE}.Release|x64.ActiveCfg = Release|Any CPU
		{E3E0341B-1D5F-4474-BB63-701AE25A36BE}.Release|x64.Build.0 = Release|Any CPU
		{E3E0341B-1D5F-4474-BB63-701AE25A36BE}.Release|x86.ActiveCfg = Release|Any CPU
		{E3E0341B-1D5F-4474-BB63-701AE25A36BE}.Release|x86.Build.0 = Release|Any CPU
		{A17505D8-AA63-4C33-A671-C1D549580E43}.Debug|Any CPU.ActiveCfg = Debug|Any CPU
		{A17505D8-AA63-4C33-A671-C1D549580E43}.Debug|Any CPU.Build.0 = Debug|Any CPU
		{A17505D8-AA63-4C33-A671-C1D549580E43}.Debug|x64.ActiveCfg = Debug|Any CPU
		{A17505D8-AA63-4C33-A671-C1D549580E43}.Debug|x64.Build.0 = Debug|Any CPU
		{A17505D8-AA63-4C33-A671-C1D549580E43}.Debug|x86.ActiveCfg = Debug|Any CPU
		{A17505D8-AA63-4C33-A671-C1D549580E43}.Debug|x86.Build.0 = Debug|Any CPU
		{A17505D8-AA63-4C33-A671-C1D549580E43}.Release|Any CPU.ActiveCfg = Release|Any CPU
		{A17505D8-AA63-4C33-A671-C1D549580E43}.Release|Any CPU.Build.0 = Release|Any CPU
		{A17505D8-AA63-4C33-A671-C1D549580E43}.Release|x64.ActiveCfg = Release|Any CPU
		{A17505D8-AA63-4C33-A671-C1D549580E43}.Release|x64.Build.0 = Release|Any CPU
		{A17505D8-AA63-4C33-A671-C1D549580E43}.Release|x86.ActiveCfg = Release|Any CPU
		{A17505D8-AA63-4C33-A671-C1D549580E43}.Release|x86.Build.0 = Release|Any CPU
		{F1A2B3C4-D5E6-4F78-9A0B-C1D2E3F4A5B6}.Debug|Any CPU.ActiveCfg = Debug|Any CPU
		{F1A2B3C4-D5E6-4F78-9A0B-C1D2E3F4A5B6}.Debug|Any CPU.Build.0 = Debug|Any CPU
		{F1A2B3C4-D5E6-4F78-9A0B-C1D2E3F4A5B6}.Debug|x64.ActiveCfg = Debug|Any CPU
		{F1A2B3C4-D5E6-4F78-9A0B-C1D2E3F4A5B6}.Debug|x64.Build.0 = Debug|Any CPU
		{F1A2B3C4-D5E6-4F78-9A0B-C1D2E3F4A5B6}.Debug|x86.ActiveCfg = Debug|Any CPU
		{F1A2B3C4-D5E6-4F78-9A0B-C1D2E3F4A5B6}.Debug|x86.Build.0 = Debug|Any CPU
		{F1A2B3C4-D5E6-4F78-9A0B-C1D2E3F4A5B6}.Release|Any CPU.ActiveCfg = Release|Any CPU
		{F1A2B3C4-D5E6-4F78-9A0B-C1D2E3F4A5B6}.Release|Any CPU.Build.0 = Release|Any CPU
		{F1A2B3C4-D5E6-4F78-9A0B-C1D2E3F4A5B6}.Release|x64.ActiveCfg = Release|Any CPU
		{F1A2B3C4-D5E6-4F78-9A0B-C1D2E3F4A5B6}.Release|x64.Build.0 = Release|Any CPU
		{F1A2B3C4-D5E6-4F78-9A0B-C1D2E3F4A5B6}.Release|x86.ActiveCfg = Release|Any CPU
		{F1A2B3C4-D5E6-4F78-9A0B-C1D2E3F4A5B6}.Release|x86.Build.0 = Release|Any CPU
		{67C16A68-D732-4839-9619-4F9515ED4F60}.Debug|Any CPU.ActiveCfg = Debug|Any CPU
		{67C16A68-D732-4839-9619-4F9515ED4F60}.Debug|Any CPU.Build.0 = Debug|Any CPU
		{67C16A68-D732-4839-9619-4F9515ED4F60}.Debug|x64.ActiveCfg = Debug|Any CPU
		{67C16A68-D732-4839-9619-4F9515ED4F60}.Debug|x64.Build.0 = Debug|Any CPU
		{67C16A68-D732-4839-9619-4F9515ED4F60}.Debug|x86.ActiveCfg = Debug|Any CPU
		{67C16A68-D732-4839-9619-4F9515ED4F60}.Debug|x86.Build.0 = Debug|Any CPU
		{67C16A68-D732-4839-9619-4F9515ED4F60}.Release|Any CPU.ActiveCfg = Release|Any CPU
		{67C16A68-D732-4839-9619-4F9515ED4F60}.Release|Any CPU.Build.0 = Release|Any CPU
		{67C16A68-D732-4839-9619-4F9515ED4F60}.Release|x64.ActiveCfg = Release|Any CPU
		{67C16A68-D732-4839-9619-4F9515ED4F60}.Release|x64.Build.0 = Release|Any CPU
		{67C16A68-D732-4839-9619-4F9515ED4F60}.Release|x86.ActiveCfg = Release|Any CPU
		{67C16A68-D732-4839-9619-4F9515ED4F60}.Release|x86.Build.0 = Release|Any CPU
		{0C5E8272-E6AB-49BE-BA3A-0BD2400E1D8E}.Debug|Any CPU.ActiveCfg = Debug|Any CPU
		{0C5E8272-E6AB-49BE-BA3A-0BD2400E1D8E}.Debug|Any CPU.Build.0 = Debug|Any CPU
		{0C5E8272-E6AB-49BE-BA3A-0BD2400E1D8E}.Debug|x64.ActiveCfg = Debug|Any CPU
		{0C5E8272-E6AB-49BE-BA3A-0BD2400E1D8E}.Debug|x64.Build.0 = Debug|Any CPU
		{0C5E8272-E6AB-49BE-BA3A-0BD2400E1D8E}.Debug|x86.ActiveCfg = Debug|Any CPU
		{0C5E8272-E6AB-49BE-BA3A-0BD2400E1D8E}.Debug|x86.Build.0 = Debug|Any CPU
		{0C5E8272-E6AB-49BE-BA3A-0BD2400E1D8E}.Release|Any CPU.ActiveCfg = Release|Any CPU
		{0C5E8272-E6AB-49BE-BA3A-0BD2400E1D8E}.Release|Any CPU.Build.0 = Release|Any CPU
		{0C5E8272-E6AB-49BE-BA3A-0BD2400E1D8E}.Release|x64.ActiveCfg = Release|Any CPU
		{0C5E8272-E6AB-49BE-BA3A-0BD2400E1D8E}.Release|x64.Build.0 = Release|Any CPU
		{0C5E8272-E6AB-49BE-BA3A-0BD2400E1D8E}.Release|x86.ActiveCfg = Release|Any CPU
		{0C5E8272-E6AB-49BE-BA3A-0BD2400E1D8E}.Release|x86.Build.0 = Release|Any CPU
		{7576FE16-A7A2-455A-B060-5C9488A4BE54}.Debug|Any CPU.ActiveCfg = Debug|Any CPU
		{7576FE16-A7A2-455A-B060-5C9488A4BE54}.Debug|Any CPU.Build.0 = Debug|Any CPU
		{7576FE16-A7A2-455A-B060-5C9488A4BE54}.Debug|x64.ActiveCfg = Debug|Any CPU
		{7576FE16-A7A2-455A-B060-5C9488A4BE54}.Debug|x64.Build.0 = Debug|Any CPU
		{7576FE16-A7A2-455A-B060-5C9488A4BE54}.Debug|x86.ActiveCfg = Debug|Any CPU
		{7576FE16-A7A2-455A-B060-5C9488A4BE54}.Debug|x86.Build.0 = Debug|Any CPU
		{7576FE16-A7A2-455A-B060-5C9488A4BE54}.Release|Any CPU.ActiveCfg = Release|Any CPU
		{7576FE16-A7A2-455A-B060-5C9488A4BE54}.Release|Any CPU.Build.0 = Release|Any CPU
		{7576FE16-A7A2-455A-B060-5C9488A4BE54}.Release|x64.ActiveCfg = Release|Any CPU
		{7576FE16-A7A2-455A-B060-5C9488A4BE54}.Release|x64.Build.0 = Release|Any CPU
		{7576FE16-A7A2-455A-B060-5C9488A4BE54}.Release|x86.ActiveCfg = Release|Any CPU
		{7576FE16-A7A2-455A-B060-5C9488A4BE54}.Release|x86.Build.0 = Release|Any CPU
		{3CABE553-A630-4538-B40F-F34D1880C4DD}.Debug|Any CPU.ActiveCfg = Debug|Any CPU
		{3CABE553-A630-4538-B40F-F34D1880C4DD}.Debug|Any CPU.Build.0 = Debug|Any CPU
		{3CABE553-A630-4538-B40F-F34D1880C4DD}.Debug|x64.ActiveCfg = Debug|Any CPU
		{3CABE553-A630-4538-B40F-F34D1880C4DD}.Debug|x64.Build.0 = Debug|Any CPU
		{3CABE553-A630-4538-B40F-F34D1880C4DD}.Debug|x86.ActiveCfg = Debug|Any CPU
		{3CABE553-A630-4538-B40F-F34D1880C4DD}.Debug|x86.Build.0 = Debug|Any CPU
		{3CABE553-A630-4538-B40F-F34D1880C4DD}.Release|Any CPU.ActiveCfg = Release|Any CPU
		{3CABE553-A630-4538-B40F-F34D1880C4DD}.Release|Any CPU.Build.0 = Release|Any CPU
		{3CABE553-A630-4538-B40F-F34D1880C4DD}.Release|x64.ActiveCfg = Release|Any CPU
		{3CABE553-A630-4538-B40F-F34D1880C4DD}.Release|x64.Build.0 = Release|Any CPU
		{3CABE553-A630-4538-B40F-F34D1880C4DD}.Release|x86.ActiveCfg = Release|Any CPU
		{3CABE553-A630-4538-B40F-F34D1880C4DD}.Release|x86.Build.0 = Release|Any CPU
		{B1A2C3D4-E5F6-4A7B-8C9D-0E1F2A3B4C5D}.Debug|Any CPU.ActiveCfg = Debug|Any CPU
		{B1A2C3D4-E5F6-4A7B-8C9D-0E1F2A3B4C5D}.Debug|Any CPU.Build.0 = Debug|Any CPU
		{B1A2C3D4-E5F6-4A7B-8C9D-0E1F2A3B4C5D}.Debug|x64.ActiveCfg = Debug|Any CPU
		{B1A2C3D4-E5F6-4A7B-8C9D-0E1F2A3B4C5D}.Debug|x64.Build.0 = Debug|Any CPU
		{B1A2C3D4-E5F6-4A7B-8C9D-0E1F2A3B4C5D}.Debug|x86.ActiveCfg = Debug|Any CPU
		{B1A2C3D4-E5F6-4A7B-8C9D-0E1F2A3B4C5D}.Debug|x86.Build.0 = Debug|Any CPU
		{B1A2C3D4-E5F6-4A7B-8C9D-0E1F2A3B4C5D}.Release|Any CPU.ActiveCfg = Release|Any CPU
		{B1A2C3D4-E5F6-4A7B-8C9D-0E1F2A3B4C5D}.Release|Any CPU.Build.0 = Release|Any CPU
		{B1A2C3D4-E5F6-4A7B-8C9D-0E1F2A3B4C5D}.Release|x64.ActiveCfg = Release|Any CPU
		{B1A2C3D4-E5F6-4A7B-8C9D-0E1F2A3B4C5D}.Release|x64.Build.0 = Release|Any CPU
		{B1A2C3D4-E5F6-4A7B-8C9D-0E1F2A3B4C5D}.Release|x86.ActiveCfg = Release|Any CPU
		{B1A2C3D4-E5F6-4A7B-8C9D-0E1F2A3B4C5D}.Release|x86.Build.0 = Release|Any CPU
		{C2B3D4E5-F6A7-4B8C-9D0E-1F2A3B4C5D6E}.Debug|Any CPU.ActiveCfg = Debug|Any CPU
		{C2B3D4E5-F6A7-4B8C-9D0E-1F2A3B4C5D6E}.Debug|Any CPU.Build.0 = Debug|Any CPU
		{C2B3D4E5-F6A7-4B8C-9D0E-1F2A3B4C5D6E}.Debug|x64.ActiveCfg = Debug|Any CPU
		{C2B3D4E5-F6A7-4B8C-9D0E-1F2A3B4C5D6E}.Debug|x64.Build.0 = Debug|Any CPU
		{C2B3D4E5-F6A7-4B8C-9D0E-1F2A3B4C5D6E}.Debug|x86.ActiveCfg = Debug|Any CPU
		{C2B3D4E5-F6A7-4B8C-9D0E-1F2A3B4C5D6E}.Debug|x86.Build.0 = Debug|Any CPU
		{C2B3D4E5-F6A7-4B8C-9D0E-1F2A3B4C5D6E}.Release|Any CPU.ActiveCfg = Release|Any CPU
		{C2B3D4E5-F6A7-4B8C-9D0E-1F2A3B4C5D6E}.Release|Any CPU.Build.0 = Release|Any CPU
		{C2B3D4E5-F6A7-4B8C-9D0E-1F2A3B4C5D6E}.Release|x64.ActiveCfg = Release|Any CPU
		{C2B3D4E5-F6A7-4B8C-9D0E-1F2A3B4C5D6E}.Release|x64.Build.0 = Release|Any CPU
		{C2B3D4E5-F6A7-4B8C-9D0E-1F2A3B4C5D6E}.Release|x86.ActiveCfg = Release|Any CPU
		{C2B3D4E5-F6A7-4B8C-9D0E-1F2A3B4C5D6E}.Release|x86.Build.0 = Release|Any CPU
		{D3C4E5F6-A7B8-4C9D-0E1F-2A3B4C5D6E7F}.Debug|Any CPU.ActiveCfg = Debug|Any CPU
		{D3C4E5F6-A7B8-4C9D-0E1F-2A3B4C5D6E7F}.Debug|Any CPU.Build.0 = Debug|Any CPU
		{D3C4E5F6-A7B8-4C9D-0E1F-2A3B4C5D6E7F}.Debug|x64.ActiveCfg = Debug|Any CPU
		{D3C4E5F6-A7B8-4C9D-0E1F-2A3B4C5D6E7F}.Debug|x64.Build.0 = Debug|Any CPU
		{D3C4E5F6-A7B8-4C9D-0E1F-2A3B4C5D6E7F}.Debug|x86.ActiveCfg = Debug|Any CPU
		{D3C4E5F6-A7B8-4C9D-0E1F-2A3B4C5D6E7F}.Debug|x86.Build.0 = Debug|Any CPU
		{D3C4E5F6-A7B8-4C9D-0E1F-2A3B4C5D6E7F}.Release|Any CPU.ActiveCfg = Release|Any CPU
		{D3C4E5F6-A7B8-4C9D-0E1F-2A3B4C5D6E7F}.Release|Any CPU.Build.0 = Release|Any CPU
		{D3C4E5F6-A7B8-4C9D-0E1F-2A3B4C5D6E7F}.Release|x64.ActiveCfg = Release|Any CPU
		{D3C4E5F6-A7B8-4C9D-0E1F-2A3B4C5D6E7F}.Release|x64.Build.0 = Release|Any CPU
		{D3C4E5F6-A7B8-4C9D-0E1F-2A3B4C5D6E7F}.Release|x86.ActiveCfg = Release|Any CPU
		{D3C4E5F6-A7B8-4C9D-0E1F-2A3B4C5D6E7F}.Release|x86.Build.0 = Release|Any CPU
		{0BB35458-D1A8-4B03-9056-6A6127F1E62E}.Debug|Any CPU.ActiveCfg = Debug|Any CPU
		{0BB35458-D1A8-4B03-9056-6A6127F1E62E}.Debug|Any CPU.Build.0 = Debug|Any CPU
		{0BB35458-D1A8-4B03-9056-6A6127F1E62E}.Debug|x64.ActiveCfg = Debug|Any CPU
		{0BB35458-D1A8-4B03-9056-6A6127F1E62E}.Debug|x64.Build.0 = Debug|Any CPU
		{0BB35458-D1A8-4B03-9056-6A6127F1E62E}.Debug|x86.ActiveCfg = Debug|Any CPU
		{0BB35458-D1A8-4B03-9056-6A6127F1E62E}.Debug|x86.Build.0 = Debug|Any CPU
		{0BB35458-D1A8-4B03-9056-6A6127F1E62E}.Release|Any CPU.ActiveCfg = Release|Any CPU
		{0BB35458-D1A8-4B03-9056-6A6127F1E62E}.Release|Any CPU.Build.0 = Release|Any CPU
		{0BB35458-D1A8-4B03-9056-6A6127F1E62E}.Release|x64.ActiveCfg = Release|Any CPU
		{0BB35458-D1A8-4B03-9056-6A6127F1E62E}.Release|x64.Build.0 = Release|Any CPU
		{0BB35458-D1A8-4B03-9056-6A6127F1E62E}.Release|x86.ActiveCfg = Release|Any CPU
		{0BB35458-D1A8-4B03-9056-6A6127F1E62E}.Release|x86.Build.0 = Release|Any CPU
		{56E03558-5828-4AEC-BA8D-A0846A869B67}.Debug|Any CPU.ActiveCfg = Debug|Any CPU
		{56E03558-5828-4AEC-BA8D-A0846A869B67}.Debug|Any CPU.Build.0 = Debug|Any CPU
		{56E03558-5828-4AEC-BA8D-A0846A869B67}.Debug|x64.ActiveCfg = Debug|Any CPU
		{56E03558-5828-4AEC-BA8D-A0846A869B67}.Debug|x64.Build.0 = Debug|Any CPU
		{56E03558-5828-4AEC-BA8D-A0846A869B67}.Debug|x86.ActiveCfg = Debug|Any CPU
		{56E03558-5828-4AEC-BA8D-A0846A869B67}.Debug|x86.Build.0 = Debug|Any CPU
		{56E03558-5828-4AEC-BA8D-A0846A869B67}.Release|Any CPU.ActiveCfg = Release|Any CPU
		{56E03558-5828-4AEC-BA8D-A0846A869B67}.Release|Any CPU.Build.0 = Release|Any CPU
		{56E03558-5828-4AEC-BA8D-A0846A869B67}.Release|x64.ActiveCfg = Release|Any CPU
		{56E03558-5828-4AEC-BA8D-A0846A869B67}.Release|x64.Build.0 = Release|Any CPU
		{56E03558-5828-4AEC-BA8D-A0846A869B67}.Release|x86.ActiveCfg = Release|Any CPU
		{56E03558-5828-4AEC-BA8D-A0846A869B67}.Release|x86.Build.0 = Release|Any CPU
		{CFCCF933-9A62-4B87-9167-D41FD739BEDA}.Debug|Any CPU.ActiveCfg = Debug|Any CPU
		{CFCCF933-9A62-4B87-9167-D41FD739BEDA}.Debug|Any CPU.Build.0 = Debug|Any CPU
		{CFCCF933-9A62-4B87-9167-D41FD739BEDA}.Debug|x64.ActiveCfg = Debug|Any CPU
		{CFCCF933-9A62-4B87-9167-D41FD739BEDA}.Debug|x64.Build.0 = Debug|Any CPU
		{CFCCF933-9A62-4B87-9167-D41FD739BEDA}.Debug|x86.ActiveCfg = Debug|Any CPU
		{CFCCF933-9A62-4B87-9167-D41FD739BEDA}.Debug|x86.Build.0 = Debug|Any CPU
		{CFCCF933-9A62-4B87-9167-D41FD739BEDA}.Release|Any CPU.ActiveCfg = Release|Any CPU
		{CFCCF933-9A62-4B87-9167-D41FD739BEDA}.Release|Any CPU.Build.0 = Release|Any CPU
		{CFCCF933-9A62-4B87-9167-D41FD739BEDA}.Release|x64.ActiveCfg = Release|Any CPU
		{CFCCF933-9A62-4B87-9167-D41FD739BEDA}.Release|x64.Build.0 = Release|Any CPU
		{CFCCF933-9A62-4B87-9167-D41FD739BEDA}.Release|x86.ActiveCfg = Release|Any CPU
		{CFCCF933-9A62-4B87-9167-D41FD739BEDA}.Release|x86.Build.0 = Release|Any CPU
		{C79448FB-1A61-4B04-8AEF-18F339716720}.Debug|Any CPU.ActiveCfg = Debug|Any CPU
		{C79448FB-1A61-4B04-8AEF-18F339716720}.Debug|Any CPU.Build.0 = Debug|Any CPU
		{C79448FB-1A61-4B04-8AEF-18F339716720}.Debug|x64.ActiveCfg = Debug|Any CPU
		{C79448FB-1A61-4B04-8AEF-18F339716720}.Debug|x64.Build.0 = Debug|Any CPU
		{C79448FB-1A61-4B04-8AEF-18F339716720}.Debug|x86.ActiveCfg = Debug|Any CPU
		{C79448FB-1A61-4B04-8AEF-18F339716720}.Debug|x86.Build.0 = Debug|Any CPU
		{C79448FB-1A61-4B04-8AEF-18F339716720}.Release|Any CPU.ActiveCfg = Release|Any CPU
		{C79448FB-1A61-4B04-8AEF-18F339716720}.Release|Any CPU.Build.0 = Release|Any CPU
		{C79448FB-1A61-4B04-8AEF-18F339716720}.Release|x64.ActiveCfg = Release|Any CPU
		{C79448FB-1A61-4B04-8AEF-18F339716720}.Release|x64.Build.0 = Release|Any CPU
		{C79448FB-1A61-4B04-8AEF-18F339716720}.Release|x86.ActiveCfg = Release|Any CPU
		{C79448FB-1A61-4B04-8AEF-18F339716720}.Release|x86.Build.0 = Release|Any CPU
	EndGlobalSection
	GlobalSection(SolutionProperties) = preSolution
		HideSolutionNode = FALSE
	EndGlobalSection
	GlobalSection(NestedProjects) = preSolution
		{BF047B74-9D8C-4362-BB5C-E70F0CA99A5A} = {827E0CD3-B72D-47B6-A68D-7590B98EB39B}
		{A7F323FD-DF3C-41C2-A8EC-E5F068AFB134} = {827E0CD3-B72D-47B6-A68D-7590B98EB39B}
		{87D74CCB-4C05-4792-9B69-26FE3DEBF525} = {827E0CD3-B72D-47B6-A68D-7590B98EB39B}
		{BDE8988B-BBBD-42FC-AA52-B939FC231F34} = {827E0CD3-B72D-47B6-A68D-7590B98EB39B}
		{3F2478E3-F70C-4E53-ACB8-D1B013187146} = {827E0CD3-B72D-47B6-A68D-7590B98EB39B}
		{D4E5F6A7-B8C9-4D0E-A1B2-C3D4E5F6A7B8} = {827E0CD3-B72D-47B6-A68D-7590B98EB39B}
		{FF8D9AE4-FE73-457E-A0E5-0FDE67127EFE} = {827E0CD3-B72D-47B6-A68D-7590B98EB39B}
		{9984D5E2-0D23-403C-9DC5-A32120520805} = {827E0CD3-B72D-47B6-A68D-7590B98EB39B}
		{3B1493E0-4CB5-4FFB-932E-6C0AE242B605} = {827E0CD3-B72D-47B6-A68D-7590B98EB39B}
		{AD0A3335-CFBD-4B13-9901-E2E53810447E} = {827E0CD3-B72D-47B6-A68D-7590B98EB39B}
		{4132040A-5FE7-4F76-B051-268D7088D09D} = {827E0CD3-B72D-47B6-A68D-7590B98EB39B}
		{E3E0341B-1D5F-4474-BB63-701AE25A36BE} = {827E0CD3-B72D-47B6-A68D-7590B98EB39B}
		{A17505D8-AA63-4C33-A671-C1D549580E43} = {827E0CD3-B72D-47B6-A68D-7590B98EB39B}
		{F1A2B3C4-D5E6-4F78-9A0B-C1D2E3F4A5B6} = {C4D5E6F7-A8B9-4C0D-E1F2-A3B4C5D6E7F8}
		{67C16A68-D732-4839-9619-4F9515ED4F60} = {0AB3BF05-4346-4AA6-1389-037BE0695223}
		{0C5E8272-E6AB-49BE-BA3A-0BD2400E1D8E} = {0AB3BF05-4346-4AA6-1389-037BE0695223}
		{7576FE16-A7A2-455A-B060-5C9488A4BE54} = {0AB3BF05-4346-4AA6-1389-037BE0695223}
		{3CABE553-A630-4538-B40F-F34D1880C4DD} = {0AB3BF05-4346-4AA6-1389-037BE0695223}
		{B1A2C3D4-E5F6-4A7B-8C9D-0E1F2A3B4C5D} = {0AB3BF05-4346-4AA6-1389-037BE0695223}
		{C2B3D4E5-F6A7-4B8C-9D0E-1F2A3B4C5D6E} = {0AB3BF05-4346-4AA6-1389-037BE0695223}
		{D3C4E5F6-A7B8-4C9D-0E1F-2A3B4C5D6E7F} = {0AB3BF05-4346-4AA6-1389-037BE0695223}
		{0BB35458-D1A8-4B03-9056-6A6127F1E62E} = {827E0CD3-B72D-47B6-A68D-7590B98EB39B}
		{56E03558-5828-4AEC-BA8D-A0846A869B67} = {0AB3BF05-4346-4AA6-1389-037BE0695223}
		{CFCCF933-9A62-4B87-9167-D41FD739BEDA} = {C4D5E6F7-A8B9-4C0D-E1F2-A3B4C5D6E7F8}
		{C79448FB-1A61-4B04-8AEF-18F339716720} = {C4D5E6F7-A8B9-4C0D-E1F2-A3B4C5D6E7F8}
	EndGlobalSection
EndGlobal
